
Microsoft Visual Studio Solution File, Format Version 12.00
# Visual Studio Version 17
VisualStudioVersion = 17.11.35312.102
MinimumVisualStudioVersion = 10.0.40219.1
Project("{FAE04EC0-301F-11D3-BF4B-00C04F79EFBC}") = "CadastroEventos", "CadastroEventos\CadastroEventos.csproj", "{543DFD1E-5319-4349-A6C2-36D58A2C2393}"
EndProject
Global
	GlobalSection(SolutionConfigurationPlatforms) = preSolution
		Debug|Any CPU = Debug|Any CPU
		Release|Any CPU = Release|Any CPU
	EndGlobalSection
	GlobalSection(ProjectConfigurationPlatforms) = postSolution
		{543DFD1E-5319-4349-A6C2-36D58A2C2393}.Debug|Any CPU.ActiveCfg = Debug|Any CPU
		{543DFD1E-5319-4349-A6C2-36D58A2C2393}.Debug|Any CPU.Build.0 = Debug|Any CPU
		{543DFD1E-5319-4349-A6C2-36D58A2C2393}.Debug|Any CPU.Deploy.0 = Debug|Any CPU
		{543DFD1E-5319-4349-A6C2-36D58A2C2393}.Release|Any CPU.ActiveCfg = Release|Any CPU
		{543DFD1E-5319-4349-A6C2-36D58A2C2393}.Release|Any CPU.Build.0 = Release|Any CPU
		{543DFD1E-5319-4349-A6C2-36D58A2C2393}.Release|Any CPU.Deploy.0 = Release|Any CPU
	EndGlobalSection
	GlobalSection(SolutionProperties) = preSolution
		HideSolutionNode = FALSE
	EndGlobalSection
	GlobalSection(ExtensibilityGlobals) = postSolution
		SolutionGuid = {57A4E3B0-785C-472D-8EB3-ECF6C73C8C5B}
	EndGlobalSection
EndGlobal
